# Code generated by scarb DO NOT EDIT.
version = 1

[[package]]
name = "mod_your_wallet"
version = "0.1.10"
dependencies = [
 "openzeppelin",
 "snforge_std",
]

[[package]]
name = "openzeppelin"
version = "0.13.0"
source = "git+https://github.com/0xknwn/cairo-contracts?branch=feature%2Fadd-secp256r1-support#150375a516575f5d241864a603e41d9f13fb08b6"

[[package]]
name = "snforge_std"
version = "0.24.0"
source = "git+https://github.com/foundry-rs/starknet-foundry?tag=v0.24.0#95e9fb09cb91b3c05295915179ee1b55bf923653"
